
Microsoft Visual Studio Solution File, Format Version 12.00
# Visual Studio 14
VisualStudioVersion = 14.0.25420.1
MinimumVisualStudioVersion = 10.0.40219.1
Project("{FAE04EC0-301F-11D3-BF4B-00C04F79EFBC}") = "AzureApi", "AzureApi\AzureApi.csproj", "{6E4E65FC-1D12-43CD-9BDC-391716902958}"
EndProject
Project("{FAE04EC0-301F-11D3-BF4B-00C04F79EFBC}") = "AzureApi.Tests", "AzureApi.Tests\AzureApi.Tests.csproj", "{29C574E5-AA77-4FB3-90C5-E789D0C83E77}"
EndProject
Global
	GlobalSection(SolutionConfigurationPlatforms) = preSolution
		Debug|Any CPU = Debug|Any CPU
		Release|Any CPU = Release|Any CPU
	EndGlobalSection
	GlobalSection(ProjectConfigurationPlatforms) = postSolution
		{6E4E65FC-1D12-43CD-9BDC-391716902958}.Debug|Any CPU.ActiveCfg = Debug|Any CPU
		{6E4E65FC-1D12-43CD-9BDC-391716902958}.Debug|Any CPU.Build.0 = Debug|Any CPU
		{6E4E65FC-1D12-43CD-9BDC-391716902958}.Release|Any CPU.ActiveCfg = Release|Any CPU
		{6E4E65FC-1D12-43CD-9BDC-391716902958}.Release|Any CPU.Build.0 = Release|Any CPU
		{29C574E5-AA77-4FB3-90C5-E789D0C83E77}.Debug|Any CPU.ActiveCfg = Debug|Any CPU
		{29C574E5-AA77-4FB3-90C5-E789D0C83E77}.Debug|Any CPU.Build.0 = Debug|Any CPU
		{29C574E5-AA77-4FB3-90C5-E789D0C83E77}.Release|Any CPU.ActiveCfg = Release|Any CPU
		{29C574E5-AA77-4FB3-90C5-E789D0C83E77}.Release|Any CPU.Build.0 = Release|Any CPU
	EndGlobalSection
	GlobalSection(SolutionProperties) = preSolution
		HideSolutionNode = FALSE
	EndGlobalSection
EndGlobal
